
Microsoft Visual Studio Solution File, Format Version 12.00
# Visual Studio Version 17
VisualStudioVersion = 17.11.35327.3
MinimumVisualStudioVersion = 10.0.40219.1
Project("{FAE04EC0-301F-11D3-BF4B-00C04F79EFBC}") = "Lab05", "Lab05\Lab05.csproj", "{77D5ECB0-286C-41C4-98D1-C6D738524FEB}"
EndProject
Global
	GlobalSection(SolutionConfigurationPlatforms) = preSolution
		Debug|Any CPU = Debug|Any CPU
		Release|Any CPU = Release|Any CPU
	EndGlobalSection
	GlobalSection(ProjectConfigurationPlatforms) = postSolution
		{77D5ECB0-286C-41C4-98D1-C6D738524FEB}.Debug|Any CPU.ActiveCfg = Debug|Any CPU
		{77D5ECB0-286C-41C4-98D1-C6D738524FEB}.Debug|Any CPU.Build.0 = Debug|Any CPU
		{77D5ECB0-286C-41C4-98D1-C6D738524FEB}.Release|Any CPU.ActiveCfg = Release|Any CPU
		{77D5ECB0-286C-41C4-98D1-C6D738524FEB}.Release|Any CPU.Build.0 = Release|Any CPU
	EndGlobalSection
	GlobalSection(SolutionProperties) = preSolution
		HideSolutionNode = FALSE
	EndGlobalSection
	GlobalSection(ExtensibilityGlobals) = postSolution
		SolutionGuid = {1E0A6E57-D2E2-4269-934B-DECCF760B4F1}
	EndGlobalSection
EndGlobal
